
Microsoft Visual Studio Solution File, Format Version 12.00
# Visual Studio Version 16
VisualStudioVersion = 16.0.31605.320
MinimumVisualStudioVersion = 10.0.40219.1
Project("{FAE04EC0-301F-11D3-BF4B-00C04F79EFBC}") = "En Tur på bibloteket", "En Tur på bibloteket\En Tur på bibloteket.csproj", "{5E35C5FF-143C-4B42-813A-B32BE03399ED}"
EndProject
Global
	GlobalSection(SolutionConfigurationPlatforms) = preSolution
		Debug|Any CPU = Debug|Any CPU
		Release|Any CPU = Release|Any CPU
	EndGlobalSection
	GlobalSection(ProjectConfigurationPlatforms) = postSolution
		{5E35C5FF-143C-4B42-813A-B32BE03399ED}.Debug|Any CPU.ActiveCfg = Debug|Any CPU
		{5E35C5FF-143C-4B42-813A-B32BE03399ED}.Debug|Any CPU.Build.0 = Debug|Any CPU
		{5E35C5FF-143C-4B42-813A-B32BE03399ED}.Release|Any CPU.ActiveCfg = Release|Any CPU
		{5E35C5FF-143C-4B42-813A-B32BE03399ED}.Release|Any CPU.Build.0 = Release|Any CPU
	EndGlobalSection
	GlobalSection(SolutionProperties) = preSolution
		HideSolutionNode = FALSE
	EndGlobalSection
	GlobalSection(ExtensibilityGlobals) = postSolution
		SolutionGuid = {E11CED0C-5228-40E6-A51E-0BAE8EA5E71B}
	EndGlobalSection
EndGlobal
